{
    "_readme": [
        "This file locks the dependencies of your project to a known state",
        "Read more about it at https://getcomposer.org/doc/01-basic-usage.md#composer-lock-the-lock-file",
        "This file is @generated automatically"
    ],
    "hash": "5ed69f6a68eb6e6f21afc534aeb62c03",
    "content-hash": "a8e59fbdcca3004c8cae21c2316d8663",
    "packages": [
        {
            "name": "slight-sky/coolq-sdk-php",
            "version": "0.2",
            "source": {
                "type": "git",
                "url": "https://github.com/slight-sky/coolq-sdk-php.git",
                "reference": "e31c8bd7f2f305b9aba8894cce6fba819160d9a0"
            },
            "dist": {
                "type": "zip",
                "url": "https://api.github.com/repos/slight-sky/coolq-sdk-php/zipball/e31c8bd7f2f305b9aba8894cce6fba819160d9a0",
                "reference": "e31c8bd7f2f305b9aba8894cce6fba819160d9a0",
                "shasum": ""
            },
            "type": "library",
            "autoload": {
                "psr-0": {
                    "CoolQ": "src/"
                }
            },
            "notification-url": "https://packagist.org/downloads/",
            "license": [
                "MIT"
            ],
            "authors": [
                {
                    "name": "kilingzhang",
                    "email": "slight@kilingzhang.com",
                    "homepage": "https://slight-sky.github.io/"
                }
            ],
            "description": "sdk",
            "homepage": "https://slight-sky.github.io/",
            "keywords": [
                "coolq",
                "library",
                "sdk"
            ],
            "time": "2017-07-01 01:06:14"
        }
    ],
    "packages-dev": [],
    "aliases": [],
    "minimum-stability": "stable",
    "stability-flags": [],
    "prefer-stable": false,
    "prefer-lowest": false,
    "platform": [],
    "platform-dev": []
}
