{
    "_readme": [
        "This file locks the dependencies of your project to a known state",
        "Read more about it at https://getcomposer.org/doc/01-basic-usage.md#composer-lock-the-lock-file",
        "This file is @generated automatically"
    ],
    "hash": "7a0e0c881df9ed26f6d3598103cc5527",
    "content-hash": "549bd08a9ed76924c0a6b420affb2abf",
    "packages": [
        {
            "name": "slight-sky/coolq-sdk-php",
            "version": "0.5",
            "source": {
                "type": "git",
                "url": "https://github.com/slight-sky/coolq-sdk-php.git",
                "reference": "cbd924695f85508d2c54e81fe237f3a65b0b00ba"
            },
            "dist": {
                "type": "zip",
                "url": "https://api.github.com/repos/slight-sky/coolq-sdk-php/zipball/cbd924695f85508d2c54e81fe237f3a65b0b00ba",
                "reference": "cbd924695f85508d2c54e81fe237f3a65b0b00ba",
                "shasum": ""
            },
            "type": "library",
            "autoload": {
                "psr-0": {
                    "CoolQ": "src/"
                }
            },
            "notification-url": "https://packagist.org/downloads/",
            "license": [
                "MIT"
            ],
            "authors": [
                {
                    "name": "kilingzhang",
                    "email": "slight@kilingzhang.com",
                    "homepage": "https://slight-sky.github.io/"
                }
            ],
            "description": "sdk",
            "homepage": "https://slight-sky.github.io/",
            "keywords": [
                "coolq",
                "library",
                "sdk"
            ],
            "time": "2017-07-25 07:06:28"
        }
    ],
    "packages-dev": [],
    "aliases": [],
    "minimum-stability": "stable",
    "stability-flags": [],
    "prefer-stable": false,
    "prefer-lowest": false,
    "platform": [],
    "platform-dev": []
}
